
Microsoft Visual Studio Solution File, Format Version 12.00
# Visual Studio Version 16
VisualStudioVersion = 16.0.30114.105
MinimumVisualStudioVersion = 10.0.40219.1
Project("{FAE04EC0-301F-11D3-BF4B-00C04F79EFBC}") = "_TerrasoftAcademyCertification", "_TerrasoftAcademyCertification.csproj", "{CA09DFA5-EC2F-45D7-88F3-75443715095E}"
EndProject
Global
	GlobalSection(SolutionConfigurationPlatforms) = preSolution
		Debug|Any CPU = Debug|Any CPU
		Debug|x64 = Debug|x64
		Debug|x86 = Debug|x86
		Release|Any CPU = Release|Any CPU
		Release|x64 = Release|x64
		Release|x86 = Release|x86
	EndGlobalSection
	GlobalSection(SolutionProperties) = preSolution
		HideSolutionNode = FALSE
	EndGlobalSection
	GlobalSection(ProjectConfigurationPlatforms) = postSolution
		{CA09DFA5-EC2F-45D7-88F3-75443715095E}.Debug|Any CPU.ActiveCfg = Debug|Any CPU
		{CA09DFA5-EC2F-45D7-88F3-75443715095E}.Debug|Any CPU.Build.0 = Debug|Any CPU
		{CA09DFA5-EC2F-45D7-88F3-75443715095E}.Debug|x64.ActiveCfg = Debug|Any CPU
		{CA09DFA5-EC2F-45D7-88F3-75443715095E}.Debug|x64.Build.0 = Debug|Any CPU
		{CA09DFA5-EC2F-45D7-88F3-75443715095E}.Debug|x86.ActiveCfg = Debug|Any CPU
		{CA09DFA5-EC2F-45D7-88F3-75443715095E}.Debug|x86.Build.0 = Debug|Any CPU
		{CA09DFA5-EC2F-45D7-88F3-75443715095E}.Release|Any CPU.ActiveCfg = Debug|Any CPU
		{CA09DFA5-EC2F-45D7-88F3-75443715095E}.Release|Any CPU.Build.0 = Debug|Any CPU
		{CA09DFA5-EC2F-45D7-88F3-75443715095E}.Release|x64.ActiveCfg = Debug|Any CPU
		{CA09DFA5-EC2F-45D7-88F3-75443715095E}.Release|x64.Build.0 = Debug|Any CPU
		{CA09DFA5-EC2F-45D7-88F3-75443715095E}.Release|x86.ActiveCfg = Debug|Any CPU
		{CA09DFA5-EC2F-45D7-88F3-75443715095E}.Release|x86.Build.0 = Debug|Any CPU
	EndGlobalSection
EndGlobal
